
Microsoft Visual Studio Solution File, Format Version 12.00
# Visual Studio Version 17
VisualStudioVersion = 17.4.33213.308
MinimumVisualStudioVersion = 10.0.40219.1
Project("{FAE04EC0-301F-11D3-BF4B-00C04F79EFBC}") = "RegexSchemaLib", "RegexSchemaLib\RegexSchemaLib.csproj", "{4EC7A685-DF98-408E-B61D-9B1AE39C8FFB}"
EndProject
Project("{FAE04EC0-301F-11D3-BF4B-00C04F79EFBC}") = "Starter", "Starter\Starter.csproj", "{0B4E1488-B5F4-48B0-AAE1-48F716C50B58}"
EndProject
Global
	GlobalSection(SolutionConfigurationPlatforms) = preSolution
		Debug|Any CPU = Debug|Any CPU
		Release|Any CPU = Release|Any CPU
	EndGlobalSection
	GlobalSection(ProjectConfigurationPlatforms) = postSolution
		{4EC7A685-DF98-408E-B61D-9B1AE39C8FFB}.Debug|Any CPU.ActiveCfg = Debug|Any CPU
		{4EC7A685-DF98-408E-B61D-9B1AE39C8FFB}.Debug|Any CPU.Build.0 = Debug|Any CPU
		{4EC7A685-DF98-408E-B61D-9B1AE39C8FFB}.Release|Any CPU.ActiveCfg = Release|Any CPU
		{4EC7A685-DF98-408E-B61D-9B1AE39C8FFB}.Release|Any CPU.Build.0 = Release|Any CPU
		{0B4E1488-B5F4-48B0-AAE1-48F716C50B58}.Debug|Any CPU.ActiveCfg = Debug|Any CPU
		{0B4E1488-B5F4-48B0-AAE1-48F716C50B58}.Debug|Any CPU.Build.0 = Debug|Any CPU
		{0B4E1488-B5F4-48B0-AAE1-48F716C50B58}.Release|Any CPU.ActiveCfg = Release|Any CPU
		{0B4E1488-B5F4-48B0-AAE1-48F716C50B58}.Release|Any CPU.Build.0 = Release|Any CPU
	EndGlobalSection
	GlobalSection(SolutionProperties) = preSolution
		HideSolutionNode = FALSE
	EndGlobalSection
	GlobalSection(ExtensibilityGlobals) = postSolution
		SolutionGuid = {17F7F72E-B9E5-49F4-928C-95924D5F2695}
	EndGlobalSection
EndGlobal
